<?xml version="1.0" encoding="utf-8"?>
<Project xmlns="http://schemas.microsoft.com/developer/msbuild/2003">
  <ItemGroup>
    <Filter Include="Form Files">
      <UniqueIdentifier>{99349809-55BA-4b9d-BF79-8FDBB0286EB3}</UniqueIdentifier>
      <Extensions>ui</Extensions>
      <ParseFiles>false</ParseFiles>
    </Filter>
    <Filter Include="Form Files">
      <UniqueIdentifier>{99349809-55BA-4b9d-BF79-8FDBB0286EB3}</UniqueIdentifier>
      <Extensions>ui</Extensions>
      <ParseFiles>false</ParseFiles>
    </Filter>
    <Filter Include="Generated Files">
      <UniqueIdentifier>{71ED8ED8-ACB9-4CE9-BBE1-E00B30144E11}</UniqueIdentifier>
      <Extensions>cpp;c;cxx;moc;h;def;odl;idl;res;</Extensions>
    </Filter>
    <Filter Include="Generated Files">
      <UniqueIdentifier>{71ED8ED8-ACB9-4CE9-BBE1-E00B30144E11}</UniqueIdentifier>
      <Extensions>cpp;c;cxx;moc;h;def;odl;idl;res;</Extensions>
    </Filter>
    <Filter Include="Header Files">
      <UniqueIdentifier>{93995380-89BD-4b04-88EB-625FBE52EBFB}</UniqueIdentifier>
      <Extensions>h;hpp;hxx;hm;inl;inc;xsd</Extensions>
    </Filter>
    <Filter Include="Header Files">
      <UniqueIdentifier>{93995380-89BD-4b04-88EB-625FBE52EBFB}</UniqueIdentifier>
      <Extensions>h;hpp;hxx;hm;inl;inc;xsd</Extensions>
    </Filter>
    <Filter Include="Resource Files">
      <UniqueIdentifier>{D9D6E242-F8AF-46E4-B9FD-80ECBC20BA3E}</UniqueIdentifier>
      <Extensions>qrc;*</Extensions>
      <ParseFiles>false</ParseFiles>
    </Filter>
    <Filter Include="Resource Files">
      <UniqueIdentifier>{D9D6E242-F8AF-46E4-B9FD-80ECBC20BA3E}</UniqueIdentifier>
      <Extensions>qrc;*</Extensions>
      <ParseFiles>false</ParseFiles>
    </Filter>
    <Filter Include="Source Files">
      <UniqueIdentifier>{4FC737F1-C7A5-4376-A066-2A32D752A2FF}</UniqueIdentifier>
      <Extensions>cpp;c;cxx;def;odl;idl;hpj;bat;asm;asmx</Extensions>
    </Filter>
    <Filter Include="Source Files">
      <UniqueIdentifier>{4FC737F1-C7A5-4376-A066-2A32D752A2FF}</UniqueIdentifier>
      <Extensions>cpp;c;cxx;def;odl;idl;hpj;bat;asm;asmx</Extensions>
    </Filter>
    <Filter Include="Distribution Files">
      <UniqueIdentifier>{B83CAF91-C7BF-462F-B76C-EA11631F866C}</UniqueIdentifier>
      <Extensions>*</Extensions>
      <ParseFiles>false</ParseFiles>
    </Filter>
    <Filter Include="Distribution Files">
      <UniqueIdentifier>{B83CAF91-C7BF-462F-B76C-EA11631F866C}</UniqueIdentifier>
      <Extensions>*</Extensions>
      <ParseFiles>false</ParseFiles>
    </Filter>
    <Filter Include="Header Files\app">
      <UniqueIdentifier>{0f8dbe2b-dc95-4057-9895-e548b9e419eb}</UniqueIdentifier>
    </Filter>
    <Filter Include="Header Files\game">
      <UniqueIdentifier>{3189b9ab-6913-4fd0-95cf-a81e3fd75722}</UniqueIdentifier>
    </Filter>
    <Filter Include="Header Files\archiver">
      <UniqueIdentifier>{9c383136-cd75-417e-a078-03a06aef9206}</UniqueIdentifier>
    </Filter>
    <Filter Include="Source Files\app">
      <UniqueIdentifier>{00c04e3e-214e-4350-beb7-096f1d95d4cd}</UniqueIdentifier>
    </Filter>
    <Filter Include="Source Files\game">
      <UniqueIdentifier>{471834ef-e646-4cf9-b9b2-a8e7913448c4}</UniqueIdentifier>
    </Filter>
    <Filter Include="Source Files\archiver">
      <UniqueIdentifier>{8a65a999-cbcb-4bf5-b46a-e4d92f9d073d}</UniqueIdentifier>
    </Filter>
  </ItemGroup>
  <ItemGroup>
    <ClCompile Include="main.cpp">
      <Filter>Source Files</Filter>
    </ClCompile>
    <ClCompile Include="archiver\archiver.cpp">
      <Filter>Source Files\archiver</Filter>
    </ClCompile>
    <ClCompile Include="archiver\finestream\modules\bitremedy.ixx">
      <Filter>Source Files\archiver</Filter>
    </ClCompile>
    <ClCompile Include="archiver\finestream\modules\finestream.ixx">
      <Filter>Source Files\archiver</Filter>
    </ClCompile>
    <ClCompile Include="game\board.cpp">
      <Filter>Source Files\game</Filter>
    </ClCompile>
    <ClCompile Include="app\chat.cpp">
      <Filter>Source Files\app</Filter>
    </ClCompile>
    <ClCompile Include="game\clock.cpp">
      <Filter>Source Files\game</Filter>
    </ClCompile>
    <ClCompile Include="app\fen_dialog.cpp">
      <Filter>Source Files\app</Filter>
    </ClCompile>
    <ClCompile Include="app\history_area.cpp">
      <Filter>Source Files\app</Filter>
    </ClCompile>
    <ClCompile Include="app\debug_message_handler.cpp">
      <Filter>Source Files\app</Filter>
    </ClCompile>
    <ClCompile Include="app\local_types.cpp">
      <Filter>Source Files\app</Filter>
    </ClCompile>
    <ClCompile Include="app\mainwindow.cpp">
      <Filter>Source Files\app</Filter>
    </ClCompile>
    <ClCompile Include="app\mainwindow_buttons.cpp">
      <Filter>Source Files\app</Filter>
    </ClCompile>
    <ClCompile Include="app\offline_dialog.cpp">
      <Filter>Source Files\app</Filter>
    </ClCompile>
    <ClCompile Include="app\rules_dialog.cpp">
      <Filter>Source Files\app</Filter>
    </ClCompile>
    <ClCompile Include="game\tile.cpp">
      <Filter>Source Files\game</Filter>
    </ClCompile>
    <ClCompile Include="game\validator.cpp">
      <Filter>Source Files\game</Filter>
    </ClCompile>
    <ClCompile Include="game\virtual_board.cpp">
      <Filter>Source Files\game</Filter>
    </ClCompile>
    <ClCompile Include="game\virtual_tile.cpp">
      <Filter>Source Files\game</Filter>
    </ClCompile>
    <ClCompile Include="game\virtual_validator.cpp">
      <Filter>Source Files\game</Filter>
    </ClCompile>
    <ClCompile Include="app\webclient.cpp">
      <Filter>Source Files\app</Filter>
    </ClCompile>
    <ClCompile Include="app\webclient_pack_tools.cpp">
      <Filter>Source Files\app</Filter>
    </ClCompile>
  </ItemGroup>
  <ItemGroup>
    <QtMoc Include="game\board.h">
      <Filter>Header Files\game</Filter>
    </QtMoc>
    <QtMoc Include="app\chat.h">
      <Filter>Header Files\app</Filter>
    </QtMoc>
    <ClInclude Include="app\history_area.h">
      <Filter>Header Files\app</Filter>
    </ClInclude>
    <QtMoc Include="app\offline_dialog.h">
      <Filter>Header Files\app</Filter>
    </QtMoc>
    <QtMoc Include="app\rules_dialog.h">
      <Filter>Header Files\app</Filter>
    </QtMoc>
    <ClInclude Include="game\validator.h">
      <Filter>Header Files\game</Filter>
    </ClInclude>
    <ClInclude Include="game\virtual_board.h">
      <Filter>Header Files\game</Filter>
    </ClInclude>
    <ClInclude Include="game\virtual_tile.h">
      <Filter>Header Files\game</Filter>
    </ClInclude>
    <QtMoc Include="app\webclient.h">
      <Filter>Header Files\app</Filter>
    </QtMoc>
  </ItemGroup>
  <ItemGroup>
    <CustomBuild Include="debug\moc_predefs.h.cbt">
      <Filter>Generated Files</Filter>
    </CustomBuild>
    <CustomBuild Include="release\moc_predefs.h.cbt">
      <Filter>Generated Files</Filter>
    </CustomBuild>
  </ItemGroup>
  <ItemGroup>
    <QtUic Include="app\fen_dialog.ui">
      <Filter>Form Files</Filter>
    </QtUic>
    <QtUic Include="app\mainwindow.ui">
      <Filter>Form Files</Filter>
    </QtUic>
    <QtUic Include="app\offline_dialog.ui">
      <Filter>Form Files</Filter>
    </QtUic>
    <QtUic Include="app\rules_dialog.ui">
      <Filter>Form Files</Filter>
    </QtUic>
  </ItemGroup>
  <ItemGroup>
    <None Include="images\app_icon.png">
      <Filter>Resource Files</Filter>
    </None>
    <QtRcc Include="media.qrc">
      <Filter>Resource Files</Filter>
    </QtRcc>
  </ItemGroup>
  <ItemGroup>
    <ClInclude Include="archiver\archiver.h">
      <Filter>Header Files\archiver</Filter>
    </ClInclude>
    <ClInclude Include="app\debug_message_handler.h">
      <Filter>Header Files\app</Filter>
    </ClInclude>
    <ClInclude Include="app\local_types.h">
      <Filter>Header Files\app</Filter>
    </ClInclude>
    <ClInclude Include="game\virtual_validator.h">
      <Filter>Header Files\game</Filter>
    </ClInclude>
  </ItemGroup>
  <ItemGroup>
    <QtMoc Include="game\clock.h">
      <Filter>Header Files\game</Filter>
    </QtMoc>
    <QtMoc Include="app\fen_dialog.h">
      <Filter>Header Files\app</Filter>
    </QtMoc>
    <QtMoc Include="app\mainwindow.h">
      <Filter>Header Files\app</Filter>
    </QtMoc>
    <QtMoc Include="game\tile.h">
      <Filter>Header Files\game</Filter>
    </QtMoc>
  </ItemGroup>
</Project>